PODS:
  - Expecta (1.0.5)
  - percero-ios-client (0.0.11):
    - Reachability (~> 3.2)
    - SBJson (~> 3.1.0)
    - SocketRocket (~> 0.5)
  - Reachability (3.2)
  - SBJson (3.1.1)
  - SocketRocket (0.5.1)
  - Specta (1.0.6)

DEPENDENCIES:
  - Expecta
  - percero-ios-client (from `../`)
  - Specta

EXTERNAL SOURCES:
  percero-ios-client:
    :path: "../"

SPEC CHECKSUMS:
  Expecta: e1c022fcd33910b6be89c291d2775b3fe27a89fe
  percero-ios-client: 86d4d53cf17aeae9f261cf4a24a30642b8fe57f1
  Reachability: 33e18b67625424e47b6cde6d202dce689ad7af96
  SBJson: fed075209a18590e0c30bfbd0b8d8adf15135257
  SocketRocket: d57c7159b83c3c6655745cd15302aa24b6bae531
  Specta: f506f3a8361de16bc0dcf3b17b75e269072ba465

PODFILE CHECKSUM: bf0b203530f780c5b44e2e5be319988f2a9c85b4

COCOAPODS: 1.2.1
